
Microsoft Visual Studio Solution File, Format Version 12.00
# Visual Studio 15
VisualStudioVersion = 15.0.28307.705
MinimumVisualStudioVersion = 10.0.40219.1
Project("{888888A0-9F3D-457C-B088-3A5042F75D52}") = "PythonApplication1", "PythonApplication1\PythonApplication1.pyproj", "{FCE67838-8118-406E-9B43-8505F749A1F6}"
EndProject
Global
	GlobalSection(SolutionConfigurationPlatforms) = preSolution
		Debug|Any CPU = Debug|Any CPU
		Release|Any CPU = Release|Any CPU
	EndGlobalSection
	GlobalSection(ProjectConfigurationPlatforms) = postSolution
		{FCE67838-8118-406E-9B43-8505F749A1F6}.Debug|Any CPU.ActiveCfg = Debug|Any CPU
		{FCE67838-8118-406E-9B43-8505F749A1F6}.Release|Any CPU.ActiveCfg = Release|Any CPU
	EndGlobalSection
	GlobalSection(SolutionProperties) = preSolution
		HideSolutionNode = FALSE
	EndGlobalSection
	GlobalSection(ExtensibilityGlobals) = postSolution
		SolutionGuid = {7459A5E9-38DA-4593-8A8A-DF7D5DF03D05}
	EndGlobalSection
EndGlobal
